
Microsoft Visual Studio Solution File, Format Version 12.00
# Visual Studio Version 17
VisualStudioVersion = 17.4.33103.184
MinimumVisualStudioVersion = 10.0.40219.1
Project("{9A19103F-16F7-4668-BE54-9A1E7A4F7556}") = "Dagable.Api", "Dagable.Api\Dagable.Api.csproj", "{54490E75-60C8-4C44-8DD1-8DD3BA967A90}"
EndProject
Project("{9A19103F-16F7-4668-BE54-9A1E7A4F7556}") = "Dagable.Api.Services", "Dagable.Api.Services\Dagable.Api.Services.csproj", "{1731F423-E008-4532-AA8F-E83081FC649B}"
EndProject
Project("{9A19103F-16F7-4668-BE54-9A1E7A4F7556}") = "Dagable.Api.Core", "Dagable.Api.Core\Dagable.Api.Core.csproj", "{AA840BE6-374E-4ED3-BB26-F03D6E4FCE21}"
EndProject
Project("{9A19103F-16F7-4668-BE54-9A1E7A4F7556}") = "Dagable.DataAccess.Migrations", "Dagable.DataAccess.Migrations\Dagable.DataAccess.Migrations.csproj", "{4D20A436-F684-4577-A967-9107D167E862}"
EndProject
Project("{9A19103F-16F7-4668-BE54-9A1E7A4F7556}") = "Dagable.DataAccess", "Dagable.DataAccess\Dagable.DataAccess.csproj", "{C1E573DC-CB6A-492F-B351-D9D0F82AA2BE}"
EndProject
Project("{9A19103F-16F7-4668-BE54-9A1E7A4F7556}") = "Dagable.ErrorManagement", "Dagable.ErrorManagement\Dagable.ErrorManagement.csproj", "{4BB09D1C-9FF3-461B-B88D-A673AD3B8CE4}"
EndProject
Project("{2150E333-8FDC-42A3-9474-1A3956D46DE8}") = "Tests", "Tests", "{0DBF7B66-750F-4D65-AE46-5F547043C5AB}"
EndProject
Project("{FAE04EC0-301F-11D3-BF4B-00C04F79EFBC}") = "Dagable.Api.Tests", "Dagable.Api.Tests\Dagable.Api.Tests.csproj", "{507A7F6F-B75C-49D5-9EDB-B93E699C6D0E}"
EndProject
Project("{FAE04EC0-301F-11D3-BF4B-00C04F79EFBC}") = "Dagable.Api.Core.Tests", "Dagable.Api.Core.Tests\Dagable.Api.Core.Tests.csproj", "{25310C32-DD6D-464D-90DA-7448C4A7A2DF}"
EndProject
Global
	GlobalSection(SolutionConfigurationPlatforms) = preSolution
		Debug|Any CPU = Debug|Any CPU
		Release|Any CPU = Release|Any CPU
	EndGlobalSection
	GlobalSection(ProjectConfigurationPlatforms) = postSolution
		{54490E75-60C8-4C44-8DD1-8DD3BA967A90}.Debug|Any CPU.ActiveCfg = Debug|Any CPU
		{54490E75-60C8-4C44-8DD1-8DD3BA967A90}.Debug|Any CPU.Build.0 = Debug|Any CPU
		{54490E75-60C8-4C44-8DD1-8DD3BA967A90}.Release|Any CPU.ActiveCfg = Release|Any CPU
		{54490E75-60C8-4C44-8DD1-8DD3BA967A90}.Release|Any CPU.Build.0 = Release|Any CPU
		{1731F423-E008-4532-AA8F-E83081FC649B}.Debug|Any CPU.ActiveCfg = Debug|Any CPU
		{1731F423-E008-4532-AA8F-E83081FC649B}.Debug|Any CPU.Build.0 = Debug|Any CPU
		{1731F423-E008-4532-AA8F-E83081FC649B}.Release|Any CPU.ActiveCfg = Release|Any CPU
		{1731F423-E008-4532-AA8F-E83081FC649B}.Release|Any CPU.Build.0 = Release|Any CPU
		{AA840BE6-374E-4ED3-BB26-F03D6E4FCE21}.Debug|Any CPU.ActiveCfg = Debug|Any CPU
		{AA840BE6-374E-4ED3-BB26-F03D6E4FCE21}.Debug|Any CPU.Build.0 = Debug|Any CPU
		{AA840BE6-374E-4ED3-BB26-F03D6E4FCE21}.Release|Any CPU.ActiveCfg = Release|Any CPU
		{AA840BE6-374E-4ED3-BB26-F03D6E4FCE21}.Release|Any CPU.Build.0 = Release|Any CPU
		{4D20A436-F684-4577-A967-9107D167E862}.Debug|Any CPU.ActiveCfg = Debug|Any CPU
		{4D20A436-F684-4577-A967-9107D167E862}.Debug|Any CPU.Build.0 = Debug|Any CPU
		{4D20A436-F684-4577-A967-9107D167E862}.Release|Any CPU.ActiveCfg = Release|Any CPU
		{4D20A436-F684-4577-A967-9107D167E862}.Release|Any CPU.Build.0 = Release|Any CPU
		{C1E573DC-CB6A-492F-B351-D9D0F82AA2BE}.Debug|Any CPU.ActiveCfg = Debug|Any CPU
		{C1E573DC-CB6A-492F-B351-D9D0F82AA2BE}.Debug|Any CPU.Build.0 = Debug|Any CPU
		{C1E573DC-CB6A-492F-B351-D9D0F82AA2BE}.Release|Any CPU.ActiveCfg = Release|Any CPU
		{C1E573DC-CB6A-492F-B351-D9D0F82AA2BE}.Release|Any CPU.Build.0 = Release|Any CPU
		{4BB09D1C-9FF3-461B-B88D-A673AD3B8CE4}.Debug|Any CPU.ActiveCfg = Debug|Any CPU
		{4BB09D1C-9FF3-461B-B88D-A673AD3B8CE4}.Debug|Any CPU.Build.0 = Debug|Any CPU
		{4BB09D1C-9FF3-461B-B88D-A673AD3B8CE4}.Release|Any CPU.ActiveCfg = Release|Any CPU
		{4BB09D1C-9FF3-461B-B88D-A673AD3B8CE4}.Release|Any CPU.Build.0 = Release|Any CPU
		{507A7F6F-B75C-49D5-9EDB-B93E699C6D0E}.Debug|Any CPU.ActiveCfg = Debug|Any CPU
		{507A7F6F-B75C-49D5-9EDB-B93E699C6D0E}.Debug|Any CPU.Build.0 = Debug|Any CPU
		{507A7F6F-B75C-49D5-9EDB-B93E699C6D0E}.Release|Any CPU.ActiveCfg = Release|Any CPU
		{507A7F6F-B75C-49D5-9EDB-B93E699C6D0E}.Release|Any CPU.Build.0 = Release|Any CPU
		{25310C32-DD6D-464D-90DA-7448C4A7A2DF}.Debug|Any CPU.ActiveCfg = Debug|Any CPU
		{25310C32-DD6D-464D-90DA-7448C4A7A2DF}.Debug|Any CPU.Build.0 = Debug|Any CPU
		{25310C32-DD6D-464D-90DA-7448C4A7A2DF}.Release|Any CPU.ActiveCfg = Release|Any CPU
		{25310C32-DD6D-464D-90DA-7448C4A7A2DF}.Release|Any CPU.Build.0 = Release|Any CPU
	EndGlobalSection
	GlobalSection(SolutionProperties) = preSolution
		HideSolutionNode = FALSE
	EndGlobalSection
	GlobalSection(NestedProjects) = preSolution
		{507A7F6F-B75C-49D5-9EDB-B93E699C6D0E} = {0DBF7B66-750F-4D65-AE46-5F547043C5AB}
		{25310C32-DD6D-464D-90DA-7448C4A7A2DF} = {0DBF7B66-750F-4D65-AE46-5F547043C5AB}
	EndGlobalSection
	GlobalSection(ExtensibilityGlobals) = postSolution
		SolutionGuid = {934D8E00-59D3-446A-97D6-C3781B73ABE3}
	EndGlobalSection
EndGlobal
